PODS:
  - AMap3DMap (5.0.0):
    - AMapFoundation (~> 1.3)
  - AMapFoundation (1.4.0)
  - LSYXAspect (1.0.0.1):
    - XAspect (~> 1.0.5)
  - MJExtension (3.0.13)
  - XAspect (1.0.5):
    - XAspect/Core (= 1.0.5)
    - XAspect/Macros (= 1.0.5)
  - XAspect/Core (1.0.5):
    - XAspect/Macros
  - XAspect/Macros (1.0.5)

DEPENDENCIES:
  - AMap3DMap
  - LSYXAspect
  - MJExtension (~> 3.0.13)

SPEC CHECKSUMS:
  AMap3DMap: 4d0a53d0e57c7c758560225dfdaf593b306bd468
  AMapFoundation: 458974f46a39df8407fd818ab83d2630d494c726
  LSYXAspect: 5aecfef3926a3a366e79bec1b2bbb7b8ede5daef
  MJExtension: 5932755f451458eefa24239358817f8d291240c7
  XAspect: db50bf487f92dbb8557a7a5365556966c8493af8

PODFILE CHECKSUM: e43aa409b6370bc89da36ed4bd2119d036f4cd7b

COCOAPODS: 1.2.1
